
Microsoft Visual Studio Solution File, Format Version 12.00
Project("{FAE04EC0-301F-11D3-BF4B-00C04F79EFBC}") = "CustomMod", "CustomMod.csproj", "{FE0CCF47-4506-4196-AAFD-5E3E396B0F1E}"
EndProject
Global
	GlobalSection(SolutionConfigurationPlatforms) = preSolution
		Debug|Any CPU = Debug|Any CPU
		Release|Any CPU = Release|Any CPU
	EndGlobalSection
	GlobalSection(ProjectConfigurationPlatforms) = postSolution
		{FE0CCF47-4506-4196-AAFD-5E3E396B0F1E}.Debug|Any CPU.ActiveCfg = Debug|Any CPU
		{FE0CCF47-4506-4196-AAFD-5E3E396B0F1E}.Debug|Any CPU.Build.0 = Debug|Any CPU
		{FE0CCF47-4506-4196-AAFD-5E3E396B0F1E}.Release|Any CPU.ActiveCfg = Release|Any CPU
		{FE0CCF47-4506-4196-AAFD-5E3E396B0F1E}.Release|Any CPU.Build.0 = Release|Any CPU
	EndGlobalSection
EndGlobal
